
Microsoft Visual Studio Solution File, Format Version 12.00
# Visual Studio Version 17
VisualStudioVersion = 17.3.32901.215
MinimumVisualStudioVersion = 10.0.40219.1
Project("{8BC9CEB8-8B4A-11D0-8D11-00A0C91BC942}") = "VoltSetup", "VoltSetup\VoltSetup.vcxproj", "{EC202036-42BD-46E2-B498-6C9C72B61D81}"
EndProject
Global
	GlobalSection(SolutionConfigurationPlatforms) = preSolution
		Debug|x64 = Debug|x64
		Debug|x86 = Debug|x86
		Release|x64 = Release|x64
		Release|x86 = Release|x86
	EndGlobalSection
	GlobalSection(ProjectConfigurationPlatforms) = postSolution
		{EC202036-42BD-46E2-B498-6C9C72B61D81}.Debug|x64.ActiveCfg = Debug|x64
		{EC202036-42BD-46E2-B498-6C9C72B61D81}.Debug|x64.Build.0 = Debug|x64
		{EC202036-42BD-46E2-B498-6C9C72B61D81}.Debug|x86.ActiveCfg = Debug|Win32
		{EC202036-42BD-46E2-B498-6C9C72B61D81}.Debug|x86.Build.0 = Debug|Win32
		{EC202036-42BD-46E2-B498-6C9C72B61D81}.Release|x64.ActiveCfg = Release|x64
		{EC202036-42BD-46E2-B498-6C9C72B61D81}.Release|x64.Build.0 = Release|x64
		{EC202036-42BD-46E2-B498-6C9C72B61D81}.Release|x86.ActiveCfg = Release|Win32
		{EC202036-42BD-46E2-B498-6C9C72B61D81}.Release|x86.Build.0 = Release|Win32
	EndGlobalSection
	GlobalSection(SolutionProperties) = preSolution
		HideSolutionNode = FALSE
	EndGlobalSection
	GlobalSection(ExtensibilityGlobals) = postSolution
		SolutionGuid = {5E013B05-0446-479F-9C74-CD1775D4C309}
	EndGlobalSection
EndGlobal
